// !$*UTF8*$!
{
	archiveVersion = 1;
	classes = {
	};
	objectVersion = 55;
	objects = {

/* Begin PBXBuildFile section */
		42EFBE72E2DED18E708D1E47 /* Pods_Pip.framework in Frameworks */ = {isa = PBXBuildFile; fileRef = 84296C22382DC69C13AE0A4B /* Pods_Pip.framework */; };
		B70CDC5F2757178B00C61DA1 /* AppDelegate.swift in Sources */ = {isa = PBXBuildFile; fileRef = B70CDC5E2757178B00C61DA1 /* AppDelegate.swift */; };
		B70CDC612757178B00C61DA1 /* SceneDelegate.swift in Sources */ = {isa = PBXBuildFile; fileRef = B70CDC602757178B00C61DA1 /* SceneDelegate.swift */; };
		B70CDC632757178B00C61DA1 /* ViewController.swift in Sources */ = {isa = PBXBuildFile; fileRef = B70CDC622757178B00C61DA1 /* ViewController.swift */; };
		B70CDC662757178B00C61DA1 /* Main.storyboard in Resources */ = {isa = PBXBuildFile; fileRef = B70CDC642757178B00C61DA1 /* Main.storyboard */; };
		B70CDC682757179000C61DA1 /* Assets.xcassets in Resources */ = {isa = PBXBuildFile; fileRef = B70CDC672757179000C61DA1 /* Assets.xcassets */; };
		B70CDC6B2757179000C61DA1 /* LaunchScreen.storyboard in Resources */ = {isa = PBXBuildFile; fileRef = B70CDC692757179000C61DA1 /* LaunchScreen.storyboard */; };
		B70CDC732757182800C61DA1 /* ViewController+Pip.swift in Sources */ = {isa = PBXBuildFile; fileRef = B70CDC722757182800C61DA1 /* ViewController+Pip.swift */; };
		B70CDC75275718C300C61DA1 /* NPControlView.swift in Sources */ = {isa = PBXBuildFile; fileRef = B70CDC74275718C300C61DA1 /* NPControlView.swift */; };
		B70CDC7727571A6900C61DA1 /* ViewController+Noti.swift in Sources */ = {isa = PBXBuildFile; fileRef = B70CDC7627571A6900C61DA1 /* ViewController+Noti.swift */; };
/* End PBXBuildFile section */

/* Begin PBXFileReference section */
		42EBEEEDFC482E159A576C98 /* Pods-Pip.debug.xcconfig */ = {isa = PBXFileReference; includeInIndex = 1; lastKnownFileType = text.xcconfig; name = "Pods-Pip.debug.xcconfig"; path = "Target Support Files/Pods-Pip/Pods-Pip.debug.xcconfig"; sourceTree = "<group>"; };
		4D57CA3412834948A1E3BA5A /* Pods-Pip.release.xcconfig */ = {isa = PBXFileReference; includeInIndex = 1; lastKnownFileType = text.xcconfig; name = "Pods-Pip.release.xcconfig"; path = "Target Support Files/Pods-Pip/Pods-Pip.release.xcconfig"; sourceTree = "<group>"; };
		84296C22382DC69C13AE0A4B /* Pods_Pip.framework */ = {isa = PBXFileReference; explicitFileType = wrapper.framework; includeInIndex = 0; path = Pods_Pip.framework; sourceTree = BUILT_PRODUCTS_DIR; };
		B70CDC5B2757178B00C61DA1 /* Pip.app */ = {isa = PBXFileReference; explicitFileType = wrapper.application; includeInIndex = 0; path = Pip.app; sourceTree = BUILT_PRODUCTS_DIR; };
		B70CDC5E2757178B00C61DA1 /* AppDelegate.swift */ = {isa = PBXFileReference; lastKnownFileType = sourcecode.swift; path = AppDelegate.swift; sourceTree = "<group>"; };
		B70CDC602757178B00C61DA1 /* SceneDelegate.swift */ = {isa = PBXFileReference; lastKnownFileType = sourcecode.swift; path = SceneDelegate.swift; sourceTree = "<group>"; };
		B70CDC622757178B00C61DA1 /* ViewController.swift */ = {isa = PBXFileReference; lastKnownFileType = sourcecode.swift; path = ViewController.swift; sourceTree = "<group>"; };
		B70CDC652757178B00C61DA1 /* Base */ = {isa = PBXFileReference; lastKnownFileType = file.storyboard; name = Base; path = Base.lproj/Main.storyboard; sourceTree = "<group>"; };
		B70CDC672757179000C61DA1 /* Assets.xcassets */ = {isa = PBXFileReference; lastKnownFileType = folder.assetcatalog; path = Assets.xcassets; sourceTree = "<group>"; };
		B70CDC6A2757179000C61DA1 /* Base */ = {isa = PBXFileReference; lastKnownFileType = file.storyboard; name = Base; path = Base.lproj/LaunchScreen.storyboard; sourceTree = "<group>"; };
		B70CDC6C2757179000C61DA1 /* Info.plist */ = {isa = PBXFileReference; lastKnownFileType = text.plist.xml; path = Info.plist; sourceTree = "<group>"; };
		B70CDC722757182800C61DA1 /* ViewController+Pip.swift */ = {isa = PBXFileReference; lastKnownFileType = sourcecode.swift; path = "ViewController+Pip.swift"; sourceTree = "<group>"; };
		B70CDC74275718C300C61DA1 /* NPControlView.swift */ = {isa = PBXFileReference; lastKnownFileType = sourcecode.swift; path = NPControlView.swift; sourceTree = "<group>"; };
		B70CDC7627571A6900C61DA1 /* ViewController+Noti.swift */ = {isa = PBXFileReference; lastKnownFileType = sourcecode.swift; path = "ViewController+Noti.swift"; sourceTree = "<group>"; };
/* End PBXFileReference section */

/* Begin PBXFrameworksBuildPhase section */
		B70CDC582757178B00C61DA1 /* Frameworks */ = {
			isa = PBXFrameworksBuildPhase;
			buildActionMask = 2147483647;
			files = (
				42EFBE72E2DED18E708D1E47 /* Pods_Pip.framework in Frameworks */,
			);
			runOnlyForDeploymentPostprocessing = 0;
		};
/* End PBXFrameworksBuildPhase section */

/* Begin PBXGroup section */
		4740B81EDAB5385178109998 /* Pods */ = {
			isa = PBXGroup;
			children = (
				42EBEEEDFC482E159A576C98 /* Pods-Pip.debug.xcconfig */,
				4D57CA3412834948A1E3BA5A /* Pods-Pip.release.xcconfig */,
			);
			path = Pods;
			sourceTree = "<group>";
		};
		4C89A587E94216E1BC345162 /* Frameworks */ = {
			isa = PBXGroup;
			children = (
				84296C22382DC69C13AE0A4B /* Pods_Pip.framework */,
			);
			name = Frameworks;
			sourceTree = "<group>";
		};
		B70CDC522757178B00C61DA1 = {
			isa = PBXGroup;
			children = (
				B70CDC5D2757178B00C61DA1 /* Pip */,
				B70CDC5C2757178B00C61DA1 /* Products */,
				4740B81EDAB5385178109998 /* Pods */,
				4C89A587E94216E1BC345162 /* Frameworks */,
			);
			sourceTree = "<group>";
		};
		B70CDC5C2757178B00C61DA1 /* Products */ = {
			isa = PBXGroup;
			children = (
				B70CDC5B2757178B00C61DA1 /* Pip.app */,
			);
			name = Products;
			sourceTree = "<group>";
		};
		B70CDC5D2757178B00C61DA1 /* Pip */ = {
			isa = PBXGroup;
			children = (
				B70CDC5E2757178B00C61DA1 /* AppDelegate.swift */,
				B70CDC602757178B00C61DA1 /* SceneDelegate.swift */,
				B70CDC782757246D00C61DA1 /* ViewController */,
				B70CDC642757178B00C61DA1 /* Main.storyboard */,
				B70CDC672757179000C61DA1 /* Assets.xcassets */,
				B70CDC692757179000C61DA1 /* LaunchScreen.storyboard */,
				B70CDC6C2757179000C61DA1 /* Info.plist */,
			);
			path = Pip;
			sourceTree = "<group>";
		};
		B70CDC782757246D00C61DA1 /* ViewController */ = {
			isa = PBXGroup;
			children = (
				B70CDC792757247900C61DA1 /* View */,
				B70CDC622757178B00C61DA1 /* ViewController.swift */,
				B70CDC722757182800C61DA1 /* ViewController+Pip.swift */,
				B70CDC7627571A6900C61DA1 /* ViewController+Noti.swift */,
			);
			path = ViewController;
			sourceTree = "<group>";
		};
		B70CDC792757247900C61DA1 /* View */ = {
			isa = PBXGroup;
			children = (
				B70CDC74275718C300C61DA1 /* NPControlView.swift */,
			);
			path = View;
			sourceTree = "<group>";
		};
/* End PBXGroup section */

/* Begin PBXNativeTarget section */
		B70CDC5A2757178B00C61DA1 /* Pip */ = {
			isa = PBXNativeTarget;
			buildConfigurationList = B70CDC6F2757179000C61DA1 /* Build configuration list for PBXNativeTarget "Pip" */;
			buildPhases = (
				093A6A77F2F27BE46A42B741 /* [CP] Check Pods Manifest.lock */,
				B70CDC572757178B00C61DA1 /* Sources */,
				B70CDC582757178B00C61DA1 /* Frameworks */,
				B70CDC592757178B00C61DA1 /* Resources */,
				EAEA8B3AB8841A129B1B2023 /* [CP] Copy Pods Resources */,
				54C56867290C047C819C704A /* [CP] Embed Pods Frameworks */,
			);
			buildRules = (
			);
			dependencies = (
			);
			name = Pip;
			productName = Pip;
			productReference = B70CDC5B2757178B00C61DA1 /* Pip.app */;
			productType = "com.apple.product-type.application";
		};
/* End PBXNativeTarget section */

/* Begin PBXProject section */
		B70CDC532757178B00C61DA1 /* Project object */ = {
			isa = PBXProject;
			attributes = {
				BuildIndependentTargetsInParallel = 1;
				LastSwiftUpdateCheck = 1310;
				LastUpgradeCheck = 1310;
				TargetAttributes = {
					B70CDC5A2757178B00C61DA1 = {
						CreatedOnToolsVersion = 13.1;
					};
				};
			};
			buildConfigurationList = B70CDC562757178B00C61DA1 /* Build configuration list for PBXProject "Pip" */;
			compatibilityVersion = "Xcode 13.0";
			developmentRegion = en;
			hasScannedForEncodings = 0;
			knownRegions = (
				en,
				Base,
			);
			mainGroup = B70CDC522757178B00C61DA1;
			productRefGroup = B70CDC5C2757178B00C61DA1 /* Products */;
			projectDirPath = "";
			projectRoot = "";
			targets = (
				B70CDC5A2757178B00C61DA1 /* Pip */,
			);
		};
/* End PBXProject section */

/* Begin PBXResourcesBuildPhase section */
		B70CDC592757178B00C61DA1 /* Resources */ = {
			isa = PBXResourcesBuildPhase;
			buildActionMask = 2147483647;
			files = (
				B70CDC6B2757179000C61DA1 /* LaunchScreen.storyboard in Resources */,
				B70CDC682757179000C61DA1 /* Assets.xcassets in Resources */,
				B70CDC662757178B00C61DA1 /* Main.storyboard in Resources */,
			);
			runOnlyForDeploymentPostprocessing = 0;
		};
/* End PBXResourcesBuildPhase section */

/* Begin PBXShellScriptBuildPhase section */
		093A6A77F2F27BE46A42B741 /* [CP] Check Pods Manifest.lock */ = {
			isa = PBXShellScriptBuildPhase;
			buildActionMask = 2147483647;
			files = (
			);
			inputFileListPaths = (
			);
			inputPaths = (
				"${PODS_PODFILE_DIR_PATH}/Podfile.lock",
				"${PODS_ROOT}/Manifest.lock",
			);
			name = "[CP] Check Pods Manifest.lock";
			outputFileListPaths = (
			);
			outputPaths = (
				"$(DERIVED_FILE_DIR)/Pods-Pip-checkManifestLockResult.txt",
			);
			runOnlyForDeploymentPostprocessing = 0;
			shellPath = /bin/sh;
			shellScript = "diff \"${PODS_PODFILE_DIR_PATH}/Podfile.lock\" \"${PODS_ROOT}/Manifest.lock\" > /dev/null\nif [ $? != 0 ] ; then\n    # print error to STDERR\n    echo \"error: The sandbox is not in sync with the Podfile.lock. Run 'pod install' or update your CocoaPods installation.\" >&2\n    exit 1\nfi\n# This output is used by Xcode 'outputs' to avoid re-running this script phase.\necho \"SUCCESS\" > \"${SCRIPT_OUTPUT_FILE_0}\"\n";
			showEnvVarsInLog = 0;
		};
		54C56867290C047C819C704A /* [CP] Embed Pods Frameworks */ = {
			isa = PBXShellScriptBuildPhase;
			buildActionMask = 2147483647;
			files = (
			);
			inputFileListPaths = (
				"${PODS_ROOT}/Target Support Files/Pods-Pip/Pods-Pip-frameworks-${CONFIGURATION}-input-files.xcfilelist",
			);
			name = "[CP] Embed Pods Frameworks";
			outputFileListPaths = (
				"${PODS_ROOT}/Target Support Files/Pods-Pip/Pods-Pip-frameworks-${CONFIGURATION}-output-files.xcfilelist",
			);
			runOnlyForDeploymentPostprocessing = 0;
			shellPath = /bin/sh;
			shellScript = "\"${PODS_ROOT}/Target Support Files/Pods-Pip/Pods-Pip-frameworks.sh\"\n";
			showEnvVarsInLog = 0;
		};
		EAEA8B3AB8841A129B1B2023 /* [CP] Copy Pods Resources */ = {
			isa = PBXShellScriptBuildPhase;
			buildActionMask = 2147483647;
			files = (
			);
			inputFileListPaths = (
				"${PODS_ROOT}/Target Support Files/Pods-Pip/Pods-Pip-resources-${CONFIGURATION}-input-files.xcfilelist",
			);
			name = "[CP] Copy Pods Resources";
			outputFileListPaths = (
				"${PODS_ROOT}/Target Support Files/Pods-Pip/Pods-Pip-resources-${CONFIGURATION}-output-files.xcfilelist",
			);
			runOnlyForDeploymentPostprocessing = 0;
			shellPath = /bin/sh;
			shellScript = "\"${PODS_ROOT}/Target Support Files/Pods-Pip/Pods-Pip-resources.sh\"\n";
			showEnvVarsInLog = 0;
		};
/* End PBXShellScriptBuildPhase section */

/* Begin PBXSourcesBuildPhase section */
		B70CDC572757178B00C61DA1 /* Sources */ = {
			isa = PBXSourcesBuildPhase;
			buildActionMask = 2147483647;
			files = (
				B70CDC7727571A6900C61DA1 /* ViewController+Noti.swift in Sources */,
				B70CDC632757178B00C61DA1 /* ViewController.swift in Sources */,
				B70CDC5F2757178B00C61DA1 /* AppDelegate.swift in Sources */,
				B70CDC732757182800C61DA1 /* ViewController+Pip.swift in Sources */,
				B70CDC612757178B00C61DA1 /* SceneDelegate.swift in Sources */,
				B70CDC75275718C300C61DA1 /* NPControlView.swift in Sources */,
			);
			runOnlyForDeploymentPostprocessing = 0;
		};
/* End PBXSourcesBuildPhase section */

/* Begin PBXVariantGroup section */
		B70CDC642757178B00C61DA1 /* Main.storyboard */ = {
			isa = PBXVariantGroup;
			children = (
				B70CDC652757178B00C61DA1 /* Base */,
			);
			name = Main.storyboard;
			sourceTree = "<group>";
		};
		B70CDC692757179000C61DA1 /* LaunchScreen.storyboard */ = {
			isa = PBXVariantGroup;
			children = (
				B70CDC6A2757179000C61DA1 /* Base */,
			);
			name = LaunchScreen.storyboard;
			sourceTree = "<group>";
		};
/* End PBXVariantGroup section */

/* Begin XCBuildConfiguration section */
		B70CDC6D2757179000C61DA1 /* Debug */ = {
			isa = XCBuildConfiguration;
			buildSettings = {
				ALWAYS_SEARCH_USER_PATHS = NO;
				CLANG_ANALYZER_NONNULL = YES;
				CLANG_ANALYZER_NUMBER_OBJECT_CONVERSION = YES_AGGRESSIVE;
				CLANG_CXX_LANGUAGE_STANDARD = "gnu++17";
				CLANG_CXX_LIBRARY = "libc++";
				CLANG_ENABLE_MODULES = YES;
				CLANG_ENABLE_OBJC_ARC = YES;
				CLANG_ENABLE_OBJC_WEAK = YES;
				CLANG_WARN_BLOCK_CAPTURE_AUTORELEASING = YES;
				CLANG_WARN_BOOL_CONVERSION = YES;
				CLANG_WARN_COMMA = YES;
				CLANG_WARN_CONSTANT_CONVERSION = YES;
				CLANG_WARN_DEPRECATED_OBJC_IMPLEMENTATIONS = YES;
				CLANG_WARN_DIRECT_OBJC_ISA_USAGE = YES_ERROR;
				CLANG_WARN_DOCUMENTATION_COMMENTS = YES;
				CLANG_WARN_EMPTY_BODY = YES;
				CLANG_WARN_ENUM_CONVERSION = YES;
				CLANG_WARN_INFINITE_RECURSION = YES;
				CLANG_WARN_INT_CONVERSION = YES;
				CLANG_WARN_NON_LITERAL_NULL_CONVERSION = YES;
				CLANG_WARN_OBJC_IMPLICIT_RETAIN_SELF = YES;
				CLANG_WARN_OBJC_LITERAL_CONVERSION = YES;
				CLANG_WARN_OBJC_ROOT_CLASS = YES_ERROR;
				CLANG_WARN_QUOTED_INCLUDE_IN_FRAMEWORK_HEADER = YES;
				CLANG_WARN_RANGE_LOOP_ANALYSIS = YES;
				CLANG_WARN_STRICT_PROTOTYPES = YES;
				CLANG_WARN_SUSPICIOUS_MOVE = YES;
				CLANG_WARN_UNGUARDED_AVAILABILITY = YES_AGGRESSIVE;
				CLANG_WARN_UNREACHABLE_CODE = YES;
				CLANG_WARN__DUPLICATE_METHOD_MATCH = YES;
				COPY_PHASE_STRIP = NO;
				DEBUG_INFORMATION_FORMAT = dwarf;
				ENABLE_STRICT_OBJC_MSGSEND = YES;
				ENABLE_TESTABILITY = YES;
				GCC_C_LANGUAGE_STANDARD = gnu11;
				GCC_DYNAMIC_NO_PIC = NO;
				GCC_NO_COMMON_BLOCKS = YES;
				GCC_OPTIMIZATION_LEVEL = 0;
				GCC_PREPROCESSOR_DEFINITIONS = (
					"DEBUG=1",
					"$(inherited)",
				);
				GCC_WARN_64_TO_32_BIT_CONVERSION = YES;
				GCC_WARN_ABOUT_RETURN_TYPE = YES_ERROR;
				GCC_WARN_UNDECLARED_SELECTOR = YES;
				GCC_WARN_UNINITIALIZED_AUTOS = YES_AGGRESSIVE;
				GCC_WARN_UNUSED_FUNCTION = YES;
				GCC_WARN_UNUSED_VARIABLE = YES;
				IPHONEOS_DEPLOYMENT_TARGET = 15.0;
				MTL_ENABLE_DEBUG_INFO = INCLUDE_SOURCE;
				MTL_FAST_MATH = YES;
				ONLY_ACTIVE_ARCH = YES;
				SDKROOT = iphoneos;
				SWIFT_ACTIVE_COMPILATION_CONDITIONS = DEBUG;
				SWIFT_OPTIMIZATION_LEVEL = "-Onone";
			};
			name = Debug;
		};
		B70CDC6E2757179000C61DA1 /* Release */ = {
			isa = XCBuildConfiguration;
			buildSettings = {
				ALWAYS_SEARCH_USER_PATHS = NO;
				CLANG_ANALYZER_NONNULL = YES;
				CLANG_ANALYZER_NUMBER_OBJECT_CONVERSION = YES_AGGRESSIVE;
				CLANG_CXX_LANGUAGE_STANDARD = "gnu++17";
				CLANG_CXX_LIBRARY = "libc++";
				CLANG_ENABLE_MODULES = YES;
				CLANG_ENABLE_OBJC_ARC = YES;
				CLANG_ENABLE_OBJC_WEAK = YES;
				CLANG_WARN_BLOCK_CAPTURE_AUTORELEASING = YES;
				CLANG_WARN_BOOL_CONVERSION = YES;
				CLANG_WARN_COMMA = YES;
				CLANG_WARN_CONSTANT_CONVERSION = YES;
				CLANG_WARN_DEPRECATED_OBJC_IMPLEMENTATIONS = YES;
				CLANG_WARN_DIRECT_OBJC_ISA_USAGE = YES_ERROR;
				CLANG_WARN_DOCUMENTATION_COMMENTS = YES;
				CLANG_WARN_EMPTY_BODY = YES;
				CLANG_WARN_ENUM_CONVERSION = YES;
				CLANG_WARN_INFINITE_RECURSION = YES;
				CLANG_WARN_INT_CONVERSION = YES;
				CLANG_WARN_NON_LITERAL_NULL_CONVERSION = YES;
				CLANG_WARN_OBJC_IMPLICIT_RETAIN_SELF = YES;
				CLANG_WARN_OBJC_LITERAL_CONVERSION = YES;
				CLANG_WARN_OBJC_ROOT_CLASS = YES_ERROR;
				CLANG_WARN_QUOTED_INCLUDE_IN_FRAMEWORK_HEADER = YES;
				CLANG_WARN_RANGE_LOOP_ANALYSIS = YES;
				CLANG_WARN_STRICT_PROTOTYPES = YES;
				CLANG_WARN_SUSPICIOUS_MOVE = YES;
				CLANG_WARN_UNGUARDED_AVAILABILITY = YES_AGGRESSIVE;
				CLANG_WARN_UNREACHABLE_CODE = YES;
				CLANG_WARN__DUPLICATE_METHOD_MATCH = YES;
				COPY_PHASE_STRIP = NO;
				DEBUG_INFORMATION_FORMAT = "dwarf-with-dsym";
				ENABLE_NS_ASSERTIONS = NO;
				ENABLE_STRICT_OBJC_MSGSEND = YES;
				GCC_C_LANGUAGE_STANDARD = gnu11;
				GCC_NO_COMMON_BLOCKS = YES;
				GCC_WARN_64_TO_32_BIT_CONVERSION = YES;
				GCC_WARN_ABOUT_RETURN_TYPE = YES_ERROR;
				GCC_WARN_UNDECLARED_SELECTOR = YES;
				GCC_WARN_UNINITIALIZED_AUTOS = YES_AGGRESSIVE;
				GCC_WARN_UNUSED_FUNCTION = YES;
				GCC_WARN_UNUSED_VARIABLE = YES;
				IPHONEOS_DEPLOYMENT_TARGET = 15.0;
				MTL_ENABLE_DEBUG_INFO = NO;
				MTL_FAST_MATH = YES;
				SDKROOT = iphoneos;
				SWIFT_COMPILATION_MODE = wholemodule;
				SWIFT_OPTIMIZATION_LEVEL = "-O";
				VALIDATE_PRODUCT = YES;
			};
			name = Release;
		};
		B70CDC702757179000C61DA1 /* Debug */ = {
			isa = XCBuildConfiguration;
			baseConfigurationReference = 42EBEEEDFC482E159A576C98 /* Pods-Pip.debug.xcconfig */;
			buildSettings = {
				ASSETCATALOG_COMPILER_APPICON_NAME = AppIcon;
				ASSETCATALOG_COMPILER_GLOBAL_ACCENT_COLOR_NAME = AccentColor;
				CODE_SIGN_STYLE = Automatic;
				CURRENT_PROJECT_VERSION = 1;
				DEVELOPMENT_TEAM = 42X4872J7N;
				GENERATE_INFOPLIST_FILE = YES;
				INFOPLIST_FILE = Pip/Info.plist;
				INFOPLIST_KEY_UIApplicationSupportsIndirectInputEvents = YES;
				INFOPLIST_KEY_UILaunchStoryboardName = LaunchScreen;
				INFOPLIST_KEY_UIMainStoryboardFile = Main;
				INFOPLIST_KEY_UISupportedInterfaceOrientations_iPad = "UIInterfaceOrientationPortrait UIInterfaceOrientationPortraitUpsideDown UIInterfaceOrientationLandscapeLeft UIInterfaceOrientationLandscapeRight";
				INFOPLIST_KEY_UISupportedInterfaceOrientations_iPhone = "UIInterfaceOrientationPortrait UIInterfaceOrientationLandscapeLeft UIInterfaceOrientationLandscapeRight";
				LD_RUNPATH_SEARCH_PATHS = (
					"$(inherited)",
					"@executable_path/Frameworks",
				);
				MARKETING_VERSION = 1.0;
				PRODUCT_BUNDLE_IDENTIFIER = com.swiftui.Pip;
				PRODUCT_NAME = "$(TARGET_NAME)";
				SWIFT_EMIT_LOC_STRINGS = YES;
				SWIFT_VERSION = 5.0;
				TARGETED_DEVICE_FAMILY = "1,2";
			};
			name = Debug;
		};
		B70CDC712757179000C61DA1 /* Release */ = {
			isa = XCBuildConfiguration;
			baseConfigurationReference = 4D57CA3412834948A1E3BA5A /* Pods-Pip.release.xcconfig */;
			buildSettings = {
				ASSETCATALOG_COMPILER_APPICON_NAME = AppIcon;
				ASSETCATALOG_COMPILER_GLOBAL_ACCENT_COLOR_NAME = AccentColor;
				CODE_SIGN_STYLE = Automatic;
				CURRENT_PROJECT_VERSION = 1;
				DEVELOPMENT_TEAM = 42X4872J7N;
				GENERATE_INFOPLIST_FILE = YES;
				INFOPLIST_FILE = Pip/Info.plist;
				INFOPLIST_KEY_UIApplicationSupportsIndirectInputEvents = YES;
				INFOPLIST_KEY_UILaunchStoryboardName = LaunchScreen;
				INFOPLIST_KEY_UIMainStoryboardFile = Main;
				INFOPLIST_KEY_UISupportedInterfaceOrientations_iPad = "UIInterfaceOrientationPortrait UIInterfaceOrientationPortraitUpsideDown UIInterfaceOrientationLandscapeLeft UIInterfaceOrientationLandscapeRight";
				INFOPLIST_KEY_UISupportedInterfaceOrientations_iPhone = "UIInterfaceOrientationPortrait UIInterfaceOrientationLandscapeLeft UIInterfaceOrientationLandscapeRight";
				LD_RUNPATH_SEARCH_PATHS = (
					"$(inherited)",
					"@executable_path/Frameworks",
				);
				MARKETING_VERSION = 1.0;
				PRODUCT_BUNDLE_IDENTIFIER = com.swiftui.Pip;
				PRODUCT_NAME = "$(TARGET_NAME)";
				SWIFT_EMIT_LOC_STRINGS = YES;
				SWIFT_VERSION = 5.0;
				TARGETED_DEVICE_FAMILY = "1,2";
			};
			name = Release;
		};
/* End XCBuildConfiguration section */

/* Begin XCConfigurationList section */
		B70CDC562757178B00C61DA1 /* Build configuration list for PBXProject "Pip" */ = {
			isa = XCConfigurationList;
			buildConfigurations = (
				B70CDC6D2757179000C61DA1 /* Debug */,
				B70CDC6E2757179000C61DA1 /* Release */,
			);
			defaultConfigurationIsVisible = 0;
			defaultConfigurationName = Release;
		};
		B70CDC6F2757179000C61DA1 /* Build configuration list for PBXNativeTarget "Pip" */ = {
			isa = XCConfigurationList;
			buildConfigurations = (
				B70CDC702757179000C61DA1 /* Debug */,
				B70CDC712757179000C61DA1 /* Release */,
			);
			defaultConfigurationIsVisible = 0;
			defaultConfigurationName = Release;
		};
/* End XCConfigurationList section */
	};
	rootObject = B70CDC532757178B00C61DA1 /* Project object */;
}
